
Microsoft Visual Studio Solution File, Format Version 12.00
# Visual Studio Version 16
VisualStudioVersion = 16.0.30225.117
MinimumVisualStudioVersion = 10.0.40219.1
Project("{FAE04EC0-301F-11D3-BF4B-00C04F79EFBC}") = "RPSL Project", "RPSL Project\RPSL Project.csproj", "{16A60A2B-2DBD-4A7B-8BA1-48E9CAC5A155}"
EndProject
Global
	GlobalSection(SolutionConfigurationPlatforms) = preSolution
		Debug|Any CPU = Debug|Any CPU
		Release|Any CPU = Release|Any CPU
	EndGlobalSection
	GlobalSection(ProjectConfigurationPlatforms) = postSolution
		{16A60A2B-2DBD-4A7B-8BA1-48E9CAC5A155}.Debug|Any CPU.ActiveCfg = Debug|Any CPU
		{16A60A2B-2DBD-4A7B-8BA1-48E9CAC5A155}.Debug|Any CPU.Build.0 = Debug|Any CPU
		{16A60A2B-2DBD-4A7B-8BA1-48E9CAC5A155}.Release|Any CPU.ActiveCfg = Release|Any CPU
		{16A60A2B-2DBD-4A7B-8BA1-48E9CAC5A155}.Release|Any CPU.Build.0 = Release|Any CPU
	EndGlobalSection
	GlobalSection(SolutionProperties) = preSolution
		HideSolutionNode = FALSE
	EndGlobalSection
	GlobalSection(ExtensibilityGlobals) = postSolution
		SolutionGuid = {C1465A7D-E8CB-4C3B-BFD8-89708C6CB395}
	EndGlobalSection
EndGlobal
